
Microsoft Visual Studio Solution File, Format Version 12.00
# Visual Studio 15
VisualStudioVersion = 15.0.28307.102
MinimumVisualStudioVersion = 10.0.40219.1
Project("{8BC9CEB8-8B4A-11D0-8D11-00A0C91BC942}") = "pchong", "pchong\pchong.vcxproj", "{93FD7C25-1632-43A4-9DA1-C3120AE0457D}"
EndProject
Global
	GlobalSection(SolutionConfigurationPlatforms) = preSolution
		Debug|x64 = Debug|x64
		Debug|x86 = Debug|x86
		Release|x64 = Release|x64
		Release|x86 = Release|x86
	EndGlobalSection
	GlobalSection(ProjectConfigurationPlatforms) = postSolution
		{93FD7C25-1632-43A4-9DA1-C3120AE0457D}.Debug|x64.ActiveCfg = Debug|x64
		{93FD7C25-1632-43A4-9DA1-C3120AE0457D}.Debug|x64.Build.0 = Debug|x64
		{93FD7C25-1632-43A4-9DA1-C3120AE0457D}.Debug|x86.ActiveCfg = Debug|Win32
		{93FD7C25-1632-43A4-9DA1-C3120AE0457D}.Debug|x86.Build.0 = Debug|Win32
		{93FD7C25-1632-43A4-9DA1-C3120AE0457D}.Release|x64.ActiveCfg = Release|x64
		{93FD7C25-1632-43A4-9DA1-C3120AE0457D}.Release|x64.Build.0 = Release|x64
		{93FD7C25-1632-43A4-9DA1-C3120AE0457D}.Release|x86.ActiveCfg = Release|Win32
		{93FD7C25-1632-43A4-9DA1-C3120AE0457D}.Release|x86.Build.0 = Release|Win32
	EndGlobalSection
	GlobalSection(SolutionProperties) = preSolution
		HideSolutionNode = FALSE
	EndGlobalSection
	GlobalSection(ExtensibilityGlobals) = postSolution
		SolutionGuid = {4BB982BA-4074-440B-BE46-2E2DB81BEA27}
	EndGlobalSection
EndGlobal
